
Microsoft Visual Studio Solution File, Format Version 12.00
# Visual Studio Version 17
VisualStudioVersion = 17.12.35514.174 d17.12
MinimumVisualStudioVersion = 10.0.40219.1
Project("{FAE04EC0-301F-11D3-BF4B-00C04F79EFBC}") = "SzkolaNarciarstwa", "SzkolaNarciarstwa\SzkolaNarciarstwa.csproj", "{352C3FD8-1012-47F8-8B10-356E9EA24077}"
EndProject
Project("{2150E333-8FDC-42A3-9474-1A3956D46DE8}") = "Elementy rozwiązania", "Elementy rozwiązania", "{5B0BB99F-7CBB-4210-A99B-20FE842EE01A}"
EndProject
Global
	GlobalSection(SolutionConfigurationPlatforms) = preSolution
		Debug|Any CPU = Debug|Any CPU
		Release|Any CPU = Release|Any CPU
	EndGlobalSection
	GlobalSection(ProjectConfigurationPlatforms) = postSolution
		{352C3FD8-1012-47F8-8B10-356E9EA24077}.Debug|Any CPU.ActiveCfg = Debug|Any CPU
		{352C3FD8-1012-47F8-8B10-356E9EA24077}.Debug|Any CPU.Build.0 = Debug|Any CPU
		{352C3FD8-1012-47F8-8B10-356E9EA24077}.Release|Any CPU.ActiveCfg = Release|Any CPU
		{352C3FD8-1012-47F8-8B10-356E9EA24077}.Release|Any CPU.Build.0 = Release|Any CPU
	EndGlobalSection
	GlobalSection(SolutionProperties) = preSolution
		HideSolutionNode = FALSE
	EndGlobalSection
EndGlobal
